
Microsoft Visual Studio Solution File, Format Version 12.00
# Visual Studio Version 17
VisualStudioVersion = 17.14.36915.13
MinimumVisualStudioVersion = 10.0.40219.1
Project("{FAE04EC0-301F-11D3-BF4B-00C04F79EFBC}") = "EGI_Backend.Application", "EGI_Backend.Application\EGI_Backend.Application.csproj", "{6B1942A8-1B08-4437-86B7-B9321D4C1A0F}"
EndProject
Project("{FAE04EC0-301F-11D3-BF4B-00C04F79EFBC}") = "EGI_Backend.Domain", "EGI_Backend.Domain\EGI_Backend.Domain.csproj", "{E7305952-3AED-4AAB-9B00-E37A9CC0468F}"
EndProject
Project("{FAE04EC0-301F-11D3-BF4B-00C04F79EFBC}") = "EGI_Backend.Infrastructure", "EGI_Backend.Infrastructure\EGI_Backend.Infrastructure.csproj", "{A1F09B62-1329-4AB5-A9EE-C63E3014B142}"
EndProject
Project("{FAE04EC0-301F-11D3-BF4B-00C04F79EFBC}") = "EGI_Backend.WebAPI", "EGI_Backend.WebAPI\EGI_Backend.WebAPI.csproj", "{15FE8670-9499-4E5E-864E-24C1A7BF12D0}"
EndProject
Project("{2150E333-8FDC-42A3-9474-1A3956D46DE8}") = "Tests", "Tests", "{0AB3BF05-4346-4AA6-1389-037BE0695223}"
EndProject
Project("{FAE04EC0-301F-11D3-BF4B-00C04F79EFBC}") = "EGI_Backend.Domain.Tests", "Tests\EGI_Backend.Domain.Tests\EGI_Backend.Domain.Tests.csproj", "{FD941B60-CF74-40EA-809A-B85A4D8B06FB}"
EndProject
Project("{FAE04EC0-301F-11D3-BF4B-00C04F79EFBC}") = "EGI_Backend.Application.Tests", "Tests\EGI_Backend.Application.Tests\EGI_Backend.Application.Tests.csproj", "{4DB113B5-BE68-4C73-9735-2A6752F99CEF}"
EndProject
Project("{FAE04EC0-301F-11D3-BF4B-00C04F79EFBC}") = "EGI_Backend.Infrastructure.Tests", "Tests\EGI_Backend.Infrastructure.Tests\EGI_Backend.Infrastructure.Tests.csproj", "{A40FF638-95A5-40D1-8FE3-365F05C34F07}"
EndProject
Project("{FAE04EC0-301F-11D3-BF4B-00C04F79EFBC}") = "EGI_Backend.WebAPI.Tests", "Tests\EGI_Backend.WebAPI.Tests\EGI_Backend.WebAPI.Tests.csproj", "{5B4DF07B-2C63-47A4-AF24-14E195C8CFF1}"
EndProject
Global
	GlobalSection(SolutionConfigurationPlatforms) = preSolution
		Debug|Any CPU = Debug|Any CPU
		Debug|x64 = Debug|x64
		Debug|x86 = Debug|x86
		Release|Any CPU = Release|Any CPU
		Release|x64 = Release|x64
		Release|x86 = Release|x86
	EndGlobalSection
	GlobalSection(ProjectConfigurationPlatforms) = postSolution
		{6B1942A8-1B08-4437-86B7-B9321D4C1A0F}.Debug|Any CPU.ActiveCfg = Debug|Any CPU
		{6B1942A8-1B08-4437-86B7-B9321D4C1A0F}.Debug|Any CPU.Build.0 = Debug|Any CPU
		{6B1942A8-1B08-4437-86B7-B9321D4C1A0F}.Debug|x64.ActiveCfg = Debug|Any CPU
		{6B1942A8-1B08-4437-86B7-B9321D4C1A0F}.Debug|x64.Build.0 = Debug|Any CPU
		{6B1942A8-1B08-4437-86B7-B9321D4C1A0F}.Debug|x86.ActiveCfg = Debug|Any CPU
		{6B1942A8-1B08-4437-86B7-B9321D4C1A0F}.Debug|x86.Build.0 = Debug|Any CPU
		{6B1942A8-1B08-4437-86B7-B9321D4C1A0F}.Release|Any CPU.ActiveCfg = Release|Any CPU
		{6B1942A8-1B08-4437-86B7-B9321D4C1A0F}.Release|Any CPU.Build.0 = Release|Any CPU
		{6B1942A8-1B08-4437-86B7-B9321D4C1A0F}.Release|x64.ActiveCfg = Release|Any CPU
		{6B1942A8-1B08-4437-86B7-B9321D4C1A0F}.Release|x64.Build.0 = Release|Any CPU
		{6B1942A8-1B08-4437-86B7-B9321D4C1A0F}.Release|x86.ActiveCfg = Release|Any CPU
		{6B1942A8-1B08-4437-86B7-B9321D4C1A0F}.Release|x86.Build.0 = Release|Any CPU
		{E7305952-3AED-4AAB-9B00-E37A9CC0468F}.Debug|Any CPU.ActiveCfg = Debug|Any CPU
		{E7305952-3AED-4AAB-9B00-E37A9CC0468F}.Debug|Any CPU.Build.0 = Debug|Any CPU
		{E7305952-3AED-4AAB-9B00-E37A9CC0468F}.Debug|x64.ActiveCfg = Debug|Any CPU
		{E7305952-3AED-4AAB-9B00-E37A9CC0468F}.Debug|x64.Build.0 = Debug|Any CPU
		{E7305952-3AED-4AAB-9B00-E37A9CC0468F}.Debug|x86.ActiveCfg = Debug|Any CPU
		{E7305952-3AED-4AAB-9B00-E37A9CC0468F}.Debug|x86.Build.0 = Debug|Any CPU
		{E7305952-3AED-4AAB-9B00-E37A9CC0468F}.Release|Any CPU.ActiveCfg = Release|Any CPU
		{E7305952-3AED-4AAB-9B00-E37A9CC0468F}.Release|Any CPU.Build.0 = Release|Any CPU
		{E7305952-3AED-4AAB-9B00-E37A9CC0468F}.Release|x64.ActiveCfg = Release|Any CPU
		{E7305952-3AED-4AAB-9B00-E37A9CC0468F}.Release|x64.Build.0 = Release|Any CPU
		{E7305952-3AED-4AAB-9B00-E37A9CC0468F}.Release|x86.ActiveCfg = Release|Any CPU
		{E7305952-3AED-4AAB-9B00-E37A9CC0468F}.Release|x86.Build.0 = Release|Any CPU
		{A1F09B62-1329-4AB5-A9EE-C63E3014B142}.Debug|Any CPU.ActiveCfg = Debug|Any CPU
		{A1F09B62-1329-4AB5-A9EE-C63E3014B142}.Debug|Any CPU.Build.0 = Debug|Any CPU
		{A1F09B62-1329-4AB5-A9EE-C63E3014B142}.Debug|x64.ActiveCfg = Debug|Any CPU
		{A1F09B62-1329-4AB5-A9EE-C63E3014B142}.Debug|x64.Build.0 = Debug|Any CPU
		{A1F09B62-1329-4AB5-A9EE-C63E3014B142}.Debug|x86.ActiveCfg = Debug|Any CPU
		{A1F09B62-1329-4AB5-A9EE-C63E3014B142}.Debug|x86.Build.0 = Debug|Any CPU
		{A1F09B62-1329-4AB5-A9EE-C63E3014B142}.Release|Any CPU.ActiveCfg = Release|Any CPU
		{A1F09B62-1329-4AB5-A9EE-C63E3014B142}.Release|Any CPU.Build.0 = Release|Any CPU
		{A1F09B62-1329-4AB5-A9EE-C63E3014B142}.Release|x64.ActiveCfg = Release|Any CPU
		{A1F09B62-1329-4AB5-A9EE-C63E3014B142}.Release|x64.Build.0 = Release|Any CPU
		{A1F09B62-1329-4AB5-A9EE-C63E3014B142}.Release|x86.ActiveCfg = Release|Any CPU
		{A1F09B62-1329-4AB5-A9EE-C63E3014B142}.Release|x86.Build.0 = Release|Any CPU
		{15FE8670-9499-4E5E-864E-24C1A7BF12D0}.Debug|Any CPU.ActiveCfg = Debug|Any CPU
		{15FE8670-9499-4E5E-864E-24C1A7BF12D0}.Debug|Any CPU.Build.0 = Debug|Any CPU
		{15FE8670-9499-4E5E-864E-24C1A7BF12D0}.Debug|x64.ActiveCfg = Debug|Any CPU
		{15FE8670-9499-4E5E-864E-24C1A7BF12D0}.Debug|x64.Build.0 = Debug|Any CPU
		{15FE8670-9499-4E5E-864E-24C1A7BF12D0}.Debug|x86.ActiveCfg = Debug|Any CPU
		{15FE8670-9499-4E5E-864E-24C1A7BF12D0}.Debug|x86.Build.0 = Debug|Any CPU
		{15FE8670-9499-4E5E-864E-24C1A7BF12D0}.Release|Any CPU.ActiveCfg = Release|Any CPU
		{15FE8670-9499-4E5E-864E-24C1A7BF12D0}.Release|Any CPU.Build.0 = Release|Any CPU
		{15FE8670-9499-4E5E-864E-24C1A7BF12D0}.Release|x64.ActiveCfg = Release|Any CPU
		{15FE8670-9499-4E5E-864E-24C1A7BF12D0}.Release|x64.Build.0 = Release|Any CPU
		{15FE8670-9499-4E5E-864E-24C1A7BF12D0}.Release|x86.ActiveCfg = Release|Any CPU
		{15FE8670-9499-4E5E-864E-24C1A7BF12D0}.Release|x86.Build.0 = Release|Any CPU
		{FD941B60-CF74-40EA-809A-B85A4D8B06FB}.Debug|Any CPU.ActiveCfg = Debug|Any CPU
		{FD941B60-CF74-40EA-809A-B85A4D8B06FB}.Debug|Any CPU.Build.0 = Debug|Any CPU
		{FD941B60-CF74-40EA-809A-B85A4D8B06FB}.Debug|x64.ActiveCfg = Debug|Any CPU
		{FD941B60-CF74-40EA-809A-B85A4D8B06FB}.Debug|x64.Build.0 = Debug|Any CPU
		{FD941B60-CF74-40EA-809A-B85A4D8B06FB}.Debug|x86.ActiveCfg = Debug|Any CPU
		{FD941B60-CF74-40EA-809A-B85A4D8B06FB}.Debug|x86.Build.0 = Debug|Any CPU
		{FD941B60-CF74-40EA-809A-B85A4D8B06FB}.Release|Any CPU.ActiveCfg = Release|Any CPU
		{FD941B60-CF74-40EA-809A-B85A4D8B06FB}.Release|Any CPU.Build.0 = Release|Any CPU
		{FD941B60-CF74-40EA-809A-B85A4D8B06FB}.Release|x64.ActiveCfg = Release|Any CPU
		{FD941B60-CF74-40EA-809A-B85A4D8B06FB}.Release|x64.Build.0 = Release|Any CPU
		{FD941B60-CF74-40EA-809A-B85A4D8B06FB}.Release|x86.ActiveCfg = Release|Any CPU
		{FD941B60-CF74-40EA-809A-B85A4D8B06FB}.Release|x86.Build.0 = Release|Any CPU
		{4DB113B5-BE68-4C73-9735-2A6752F99CEF}.Debug|Any CPU.ActiveCfg = Debug|Any CPU
		{4DB113B5-BE68-4C73-9735-2A6752F99CEF}.Debug|Any CPU.Build.0 = Debug|Any CPU
		{4DB113B5-BE68-4C73-9735-2A6752F99CEF}.Debug|x64.ActiveCfg = Debug|Any CPU
		{4DB113B5-BE68-4C73-9735-2A6752F99CEF}.Debug|x64.Build.0 = Debug|Any CPU
		{4DB113B5-BE68-4C73-9735-2A6752F99CEF}.Debug|x86.ActiveCfg = Debug|Any CPU
		{4DB113B5-BE68-4C73-9735-2A6752F99CEF}.Debug|x86.Build.0 = Debug|Any CPU
		{4DB113B5-BE68-4C73-9735-2A6752F99CEF}.Release|Any CPU.ActiveCfg = Release|Any CPU
		{4DB113B5-BE68-4C73-9735-2A6752F99CEF}.Release|Any CPU.Build.0 = Release|Any CPU
		{4DB113B5-BE68-4C73-9735-2A6752F99CEF}.Release|x64.ActiveCfg = Release|Any CPU
		{4DB113B5-BE68-4C73-9735-2A6752F99CEF}.Release|x64.Build.0 = Release|Any CPU
		{4DB113B5-BE68-4C73-9735-2A6752F99CEF}.Release|x86.ActiveCfg = Release|Any CPU
		{4DB113B5-BE68-4C73-9735-2A6752F99CEF}.Release|x86.Build.0 = Release|Any CPU
		{A40FF638-95A5-40D1-8FE3-365F05C34F07}.Debug|Any CPU.ActiveCfg = Debug|Any CPU
		{A40FF638-95A5-40D1-8FE3-365F05C34F07}.Debug|Any CPU.Build.0 = Debug|Any CPU
		{A40FF638-95A5-40D1-8FE3-365F05C34F07}.Debug|x64.ActiveCfg = Debug|Any CPU
		{A40FF638-95A5-40D1-8FE3-365F05C34F07}.Debug|x64.Build.0 = Debug|Any CPU
		{A40FF638-95A5-40D1-8FE3-365F05C34F07}.Debug|x86.ActiveCfg = Debug|Any CPU
		{A40FF638-95A5-40D1-8FE3-365F05C34F07}.Debug|x86.Build.0 = Debug|Any CPU
		{A40FF638-95A5-40D1-8FE3-365F05C34F07}.Release|Any CPU.ActiveCfg = Release|Any CPU
		{A40FF638-95A5-40D1-8FE3-365F05C34F07}.Release|Any CPU.Build.0 = Release|Any CPU
		{A40FF638-95A5-40D1-8FE3-365F05C34F07}.Release|x64.ActiveCfg = Release|Any CPU
		{A40FF638-95A5-40D1-8FE3-365F05C34F07}.Release|x64.Build.0 = Release|Any CPU
		{A40FF638-95A5-40D1-8FE3-365F05C34F07}.Release|x86.ActiveCfg = Release|Any CPU
		{A40FF638-95A5-40D1-8FE3-365F05C34F07}.Release|x86.Build.0 = Release|Any CPU
		{5B4DF07B-2C63-47A4-AF24-14E195C8CFF1}.Debug|Any CPU.ActiveCfg = Debug|Any CPU
		{5B4DF07B-2C63-47A4-AF24-14E195C8CFF1}.Debug|Any CPU.Build.0 = Debug|Any CPU
		{5B4DF07B-2C63-47A4-AF24-14E195C8CFF1}.Debug|x64.ActiveCfg = Debug|Any CPU
		{5B4DF07B-2C63-47A4-AF24-14E195C8CFF1}.Debug|x64.Build.0 = Debug|Any CPU
		{5B4DF07B-2C63-47A4-AF24-14E195C8CFF1}.Debug|x86.ActiveCfg = Debug|Any CPU
		{5B4DF07B-2C63-47A4-AF24-14E195C8CFF1}.Debug|x86.Build.0 = Debug|Any CPU
		{5B4DF07B-2C63-47A4-AF24-14E195C8CFF1}.Release|Any CPU.ActiveCfg = Release|Any CPU
		{5B4DF07B-2C63-47A4-AF24-14E195C8CFF1}.Release|Any CPU.Build.0 = Release|Any CPU
		{5B4DF07B-2C63-47A4-AF24-14E195C8CFF1}.Release|x64.ActiveCfg = Release|Any CPU
		{5B4DF07B-2C63-47A4-AF24-14E195C8CFF1}.Release|x64.Build.0 = Release|Any CPU
		{5B4DF07B-2C63-47A4-AF24-14E195C8CFF1}.Release|x86.ActiveCfg = Release|Any CPU
		{5B4DF07B-2C63-47A4-AF24-14E195C8CFF1}.Release|x86.Build.0 = Release|Any CPU
	EndGlobalSection
	GlobalSection(SolutionProperties) = preSolution
		HideSolutionNode = FALSE
	EndGlobalSection
	GlobalSection(NestedProjects) = preSolution
		{FD941B60-CF74-40EA-809A-B85A4D8B06FB} = {0AB3BF05-4346-4AA6-1389-037BE0695223}
		{4DB113B5-BE68-4C73-9735-2A6752F99CEF} = {0AB3BF05-4346-4AA6-1389-037BE0695223}
		{A40FF638-95A5-40D1-8FE3-365F05C34F07} = {0AB3BF05-4346-4AA6-1389-037BE0695223}
		{5B4DF07B-2C63-47A4-AF24-14E195C8CFF1} = {0AB3BF05-4346-4AA6-1389-037BE0695223}
	EndGlobalSection
	GlobalSection(ExtensibilityGlobals) = postSolution
		SolutionGuid = {D79C3458-A41A-48DF-A60F-BCCE7B01106A}
	EndGlobalSection
EndGlobal
